
Microsoft Visual Studio Solution File, Format Version 12.00
# Visual Studio 15
VisualStudioVersion = 15.0.28307.645
MinimumVisualStudioVersion = 10.0.40219.1
Project("{FAE04EC0-301F-11D3-BF4B-00C04F79EFBC}") = "HackerRank.Practice.DiagonalDifference", "HackerRank.Practice.DiagonalDifference\HackerRank.Practice.DiagonalDifference.csproj", "{78A9AF31-7634-4E77-93EE-8EEF7E04EABC}"
EndProject
Global
	GlobalSection(SolutionConfigurationPlatforms) = preSolution
		Debug|Any CPU = Debug|Any CPU
		Release|Any CPU = Release|Any CPU
	EndGlobalSection
	GlobalSection(ProjectConfigurationPlatforms) = postSolution
		{78A9AF31-7634-4E77-93EE-8EEF7E04EABC}.Debug|Any CPU.ActiveCfg = Debug|Any CPU
		{78A9AF31-7634-4E77-93EE-8EEF7E04EABC}.Debug|Any CPU.Build.0 = Debug|Any CPU
		{78A9AF31-7634-4E77-93EE-8EEF7E04EABC}.Release|Any CPU.ActiveCfg = Release|Any CPU
		{78A9AF31-7634-4E77-93EE-8EEF7E04EABC}.Release|Any CPU.Build.0 = Release|Any CPU
	EndGlobalSection
	GlobalSection(SolutionProperties) = preSolution
		HideSolutionNode = FALSE
	EndGlobalSection
	GlobalSection(ExtensibilityGlobals) = postSolution
		SolutionGuid = {0D58DA77-20D8-4FB7-AD4B-D907533546A9}
	EndGlobalSection
EndGlobal
